
Microsoft Visual Studio Solution File, Format Version 12.00
# Visual Studio Version 17
VisualStudioVersion = 17.14.36915.13 d17.14
MinimumVisualStudioVersion = 10.0.40219.1
Project("{FAE04EC0-301F-11D3-BF4B-00C04F79EFBC}") = "superClipboard", "superClipboard.csproj", "{52DB03BC-1398-45DF-A811-165B2B1ACC5A}"
EndProject
Global
	GlobalSection(SolutionConfigurationPlatforms) = preSolution
		Debug|Any CPU = Debug|Any CPU
		Release|Any CPU = Release|Any CPU
	EndGlobalSection
	GlobalSection(ProjectConfigurationPlatforms) = postSolution
		{52DB03BC-1398-45DF-A811-165B2B1ACC5A}.Debug|Any CPU.ActiveCfg = Debug|Any CPU
		{52DB03BC-1398-45DF-A811-165B2B1ACC5A}.Debug|Any CPU.Build.0 = Debug|Any CPU
		{52DB03BC-1398-45DF-A811-165B2B1ACC5A}.Release|Any CPU.ActiveCfg = Release|Any CPU
		{52DB03BC-1398-45DF-A811-165B2B1ACC5A}.Release|Any CPU.Build.0 = Release|Any CPU
	EndGlobalSection
	GlobalSection(SolutionProperties) = preSolution
		HideSolutionNode = FALSE
	EndGlobalSection
	GlobalSection(ExtensibilityGlobals) = postSolution
		SolutionGuid = {E0A35544-BC71-4DFE-AE6E-E88107B91150}
	EndGlobalSection
EndGlobal
