
Microsoft Visual Studio Solution File, Format Version 12.00
# Visual Studio Version 17
VisualStudioVersion = 17.14.36915.13
MinimumVisualStudioVersion = 10.0.40219.1
Project("{FAE04EC0-301F-11D3-BF4B-00C04F79EFBC}") = "superClipboard", "superClipboard.csproj", "{52DB03BC-1398-45DF-A811-165B2B1ACC5A}"
EndProject
Project("{FAE04EC0-301F-11D3-BF4B-00C04F79EFBC}") = "typingTransfer", "typingTransfer\typingTransfer.csproj", "{4E786F24-7FA4-4C85-85ED-4266C2BAA4EC}"
EndProject
Global
	GlobalSection(SolutionConfigurationPlatforms) = preSolution
		Debug|Any CPU = Debug|Any CPU
		Debug|ARM = Debug|ARM
		Debug|ARM64 = Debug|ARM64
		Debug|x64 = Debug|x64
		Debug|x86 = Debug|x86
		Release|Any CPU = Release|Any CPU
		Release|ARM = Release|ARM
		Release|ARM64 = Release|ARM64
		Release|x64 = Release|x64
		Release|x86 = Release|x86
	EndGlobalSection
	GlobalSection(ProjectConfigurationPlatforms) = postSolution
		{52DB03BC-1398-45DF-A811-165B2B1ACC5A}.Debug|Any CPU.ActiveCfg = Debug|Any CPU
		{52DB03BC-1398-45DF-A811-165B2B1ACC5A}.Debug|Any CPU.Build.0 = Debug|Any CPU
		{52DB03BC-1398-45DF-A811-165B2B1ACC5A}.Debug|ARM.ActiveCfg = Debug|Any CPU
		{52DB03BC-1398-45DF-A811-165B2B1ACC5A}.Debug|ARM.Build.0 = Debug|Any CPU
		{52DB03BC-1398-45DF-A811-165B2B1ACC5A}.Debug|ARM64.ActiveCfg = Debug|Any CPU
		{52DB03BC-1398-45DF-A811-165B2B1ACC5A}.Debug|ARM64.Build.0 = Debug|Any CPU
		{52DB03BC-1398-45DF-A811-165B2B1ACC5A}.Debug|x64.ActiveCfg = Debug|Any CPU
		{52DB03BC-1398-45DF-A811-165B2B1ACC5A}.Debug|x64.Build.0 = Debug|Any CPU
		{52DB03BC-1398-45DF-A811-165B2B1ACC5A}.Debug|x86.ActiveCfg = Debug|Any CPU
		{52DB03BC-1398-45DF-A811-165B2B1ACC5A}.Debug|x86.Build.0 = Debug|Any CPU
		{52DB03BC-1398-45DF-A811-165B2B1ACC5A}.Release|Any CPU.ActiveCfg = Release|Any CPU
		{52DB03BC-1398-45DF-A811-165B2B1ACC5A}.Release|Any CPU.Build.0 = Release|Any CPU
		{52DB03BC-1398-45DF-A811-165B2B1ACC5A}.Release|ARM.ActiveCfg = Release|Any CPU
		{52DB03BC-1398-45DF-A811-165B2B1ACC5A}.Release|ARM.Build.0 = Release|Any CPU
		{52DB03BC-1398-45DF-A811-165B2B1ACC5A}.Release|ARM64.ActiveCfg = Release|Any CPU
		{52DB03BC-1398-45DF-A811-165B2B1ACC5A}.Release|ARM64.Build.0 = Release|Any CPU
		{52DB03BC-1398-45DF-A811-165B2B1ACC5A}.Release|x64.ActiveCfg = Release|Any CPU
		{52DB03BC-1398-45DF-A811-165B2B1ACC5A}.Release|x64.Build.0 = Release|Any CPU
		{52DB03BC-1398-45DF-A811-165B2B1ACC5A}.Release|x86.ActiveCfg = Release|Any CPU
		{52DB03BC-1398-45DF-A811-165B2B1ACC5A}.Release|x86.Build.0 = Release|Any CPU
		{4E786F24-7FA4-4C85-85ED-4266C2BAA4EC}.Debug|Any CPU.ActiveCfg = Debug|Any CPU
		{4E786F24-7FA4-4C85-85ED-4266C2BAA4EC}.Debug|Any CPU.Build.0 = Debug|Any CPU
		{4E786F24-7FA4-4C85-85ED-4266C2BAA4EC}.Debug|ARM.ActiveCfg = Debug|Any CPU
		{4E786F24-7FA4-4C85-85ED-4266C2BAA4EC}.Debug|ARM.Build.0 = Debug|Any CPU
		{4E786F24-7FA4-4C85-85ED-4266C2BAA4EC}.Debug|ARM64.ActiveCfg = Debug|Any CPU
		{4E786F24-7FA4-4C85-85ED-4266C2BAA4EC}.Debug|ARM64.Build.0 = Debug|Any CPU
		{4E786F24-7FA4-4C85-85ED-4266C2BAA4EC}.Debug|x64.ActiveCfg = Debug|Any CPU
		{4E786F24-7FA4-4C85-85ED-4266C2BAA4EC}.Debug|x64.Build.0 = Debug|Any CPU
		{4E786F24-7FA4-4C85-85ED-4266C2BAA4EC}.Debug|x86.ActiveCfg = Debug|Any CPU
		{4E786F24-7FA4-4C85-85ED-4266C2BAA4EC}.Debug|x86.Build.0 = Debug|Any CPU
		{4E786F24-7FA4-4C85-85ED-4266C2BAA4EC}.Release|Any CPU.ActiveCfg = Release|Any CPU
		{4E786F24-7FA4-4C85-85ED-4266C2BAA4EC}.Release|Any CPU.Build.0 = Release|Any CPU
		{4E786F24-7FA4-4C85-85ED-4266C2BAA4EC}.Release|ARM.ActiveCfg = Release|Any CPU
		{4E786F24-7FA4-4C85-85ED-4266C2BAA4EC}.Release|ARM.Build.0 = Release|Any CPU
		{4E786F24-7FA4-4C85-85ED-4266C2BAA4EC}.Release|ARM64.ActiveCfg = Release|Any CPU
		{4E786F24-7FA4-4C85-85ED-4266C2BAA4EC}.Release|ARM64.Build.0 = Release|Any CPU
		{4E786F24-7FA4-4C85-85ED-4266C2BAA4EC}.Release|x64.ActiveCfg = Release|Any CPU
		{4E786F24-7FA4-4C85-85ED-4266C2BAA4EC}.Release|x64.Build.0 = Release|Any CPU
		{4E786F24-7FA4-4C85-85ED-4266C2BAA4EC}.Release|x86.ActiveCfg = Release|Any CPU
		{4E786F24-7FA4-4C85-85ED-4266C2BAA4EC}.Release|x86.Build.0 = Release|Any CPU
	EndGlobalSection
	GlobalSection(SolutionProperties) = preSolution
		HideSolutionNode = FALSE
	EndGlobalSection
	GlobalSection(ExtensibilityGlobals) = postSolution
		SolutionGuid = {E0A35544-BC71-4DFE-AE6E-E88107B91150}
	EndGlobalSection
EndGlobal
